
Microsoft Visual Studio Solution File, Format Version 12.00
# Visual Studio Version 17
VisualStudioVersion = 17.5.33502.453
MinimumVisualStudioVersion = 10.0.40219.1
Project("{9A19103F-16F7-4668-BE54-9A1E7A4F7556}") = "The Stoic Way", "The Stoic Way\The Stoic Way.csproj", "{B4EEF0F6-F5AA-4187-8574-E8F357BB0C7B}"
EndProject
Project("{9A19103F-16F7-4668-BE54-9A1E7A4F7556}") = "Unit Tests", "Unit\Unit Tests.csproj", "{6DFF14BC-9E4F-40A4-90DF-6EABA51F5FD8}"
EndProject
Project("{B7DD6F7E-DEF8-4E67-B5B7-07EF123DB6F0}") = "Installer", "Installer\Installer.wixproj", "{6E44399D-F4D7-41D2-8996-91E84E5E2782}"
EndProject
Global
	GlobalSection(SolutionConfigurationPlatforms) = preSolution
		Debug|Any CPU = Debug|Any CPU
		Debug|ARM64 = Debug|ARM64
		Debug|x64 = Debug|x64
		Debug|x86 = Debug|x86
		Release|Any CPU = Release|Any CPU
		Release|ARM64 = Release|ARM64
		Release|x64 = Release|x64
		Release|x86 = Release|x86
	EndGlobalSection
	GlobalSection(ProjectConfigurationPlatforms) = postSolution
		{B4EEF0F6-F5AA-4187-8574-E8F357BB0C7B}.Debug|Any CPU.ActiveCfg = Debug|Any CPU
		{B4EEF0F6-F5AA-4187-8574-E8F357BB0C7B}.Debug|Any CPU.Build.0 = Debug|Any CPU
		{B4EEF0F6-F5AA-4187-8574-E8F357BB0C7B}.Debug|ARM64.ActiveCfg = Debug|Any CPU
		{B4EEF0F6-F5AA-4187-8574-E8F357BB0C7B}.Debug|ARM64.Build.0 = Debug|Any CPU
		{B4EEF0F6-F5AA-4187-8574-E8F357BB0C7B}.Debug|x64.ActiveCfg = Debug|Any CPU
		{B4EEF0F6-F5AA-4187-8574-E8F357BB0C7B}.Debug|x64.Build.0 = Debug|Any CPU
		{B4EEF0F6-F5AA-4187-8574-E8F357BB0C7B}.Debug|x86.ActiveCfg = Debug|Any CPU
		{B4EEF0F6-F5AA-4187-8574-E8F357BB0C7B}.Debug|x86.Build.0 = Debug|Any CPU
		{B4EEF0F6-F5AA-4187-8574-E8F357BB0C7B}.Release|Any CPU.ActiveCfg = Release|Any CPU
		{B4EEF0F6-F5AA-4187-8574-E8F357BB0C7B}.Release|Any CPU.Build.0 = Release|Any CPU
		{B4EEF0F6-F5AA-4187-8574-E8F357BB0C7B}.Release|ARM64.ActiveCfg = Release|Any CPU
		{B4EEF0F6-F5AA-4187-8574-E8F357BB0C7B}.Release|ARM64.Build.0 = Release|Any CPU
		{B4EEF0F6-F5AA-4187-8574-E8F357BB0C7B}.Release|x64.ActiveCfg = Release|Any CPU
		{B4EEF0F6-F5AA-4187-8574-E8F357BB0C7B}.Release|x64.Build.0 = Release|Any CPU
		{B4EEF0F6-F5AA-4187-8574-E8F357BB0C7B}.Release|x86.ActiveCfg = Release|Any CPU
		{B4EEF0F6-F5AA-4187-8574-E8F357BB0C7B}.Release|x86.Build.0 = Release|Any CPU
		{6DFF14BC-9E4F-40A4-90DF-6EABA51F5FD8}.Debug|Any CPU.ActiveCfg = Debug|Any CPU
		{6DFF14BC-9E4F-40A4-90DF-6EABA51F5FD8}.Debug|Any CPU.Build.0 = Debug|Any CPU
		{6DFF14BC-9E4F-40A4-90DF-6EABA51F5FD8}.Debug|ARM64.ActiveCfg = Debug|Any CPU
		{6DFF14BC-9E4F-40A4-90DF-6EABA51F5FD8}.Debug|ARM64.Build.0 = Debug|Any CPU
		{6DFF14BC-9E4F-40A4-90DF-6EABA51F5FD8}.Debug|x64.ActiveCfg = Debug|Any CPU
		{6DFF14BC-9E4F-40A4-90DF-6EABA51F5FD8}.Debug|x64.Build.0 = Debug|Any CPU
		{6DFF14BC-9E4F-40A4-90DF-6EABA51F5FD8}.Debug|x86.ActiveCfg = Debug|Any CPU
		{6DFF14BC-9E4F-40A4-90DF-6EABA51F5FD8}.Debug|x86.Build.0 = Debug|Any CPU
		{6DFF14BC-9E4F-40A4-90DF-6EABA51F5FD8}.Release|Any CPU.ActiveCfg = Release|Any CPU
		{6DFF14BC-9E4F-40A4-90DF-6EABA51F5FD8}.Release|Any CPU.Build.0 = Release|Any CPU
		{6DFF14BC-9E4F-40A4-90DF-6EABA51F5FD8}.Release|ARM64.ActiveCfg = Release|Any CPU
		{6DFF14BC-9E4F-40A4-90DF-6EABA51F5FD8}.Release|ARM64.Build.0 = Release|Any CPU
		{6DFF14BC-9E4F-40A4-90DF-6EABA51F5FD8}.Release|x64.ActiveCfg = Release|Any CPU
		{6DFF14BC-9E4F-40A4-90DF-6EABA51F5FD8}.Release|x64.Build.0 = Release|Any CPU
		{6DFF14BC-9E4F-40A4-90DF-6EABA51F5FD8}.Release|x86.ActiveCfg = Release|Any CPU
		{6DFF14BC-9E4F-40A4-90DF-6EABA51F5FD8}.Release|x86.Build.0 = Release|Any CPU
		{6E44399D-F4D7-41D2-8996-91E84E5E2782}.Debug|Any CPU.ActiveCfg = Debug|x64
		{6E44399D-F4D7-41D2-8996-91E84E5E2782}.Debug|Any CPU.Build.0 = Debug|x64
		{6E44399D-F4D7-41D2-8996-91E84E5E2782}.Debug|ARM64.ActiveCfg = Debug|ARM64
		{6E44399D-F4D7-41D2-8996-91E84E5E2782}.Debug|ARM64.Build.0 = Debug|ARM64
		{6E44399D-F4D7-41D2-8996-91E84E5E2782}.Debug|x64.ActiveCfg = Debug|x64
		{6E44399D-F4D7-41D2-8996-91E84E5E2782}.Debug|x64.Build.0 = Debug|x64
		{6E44399D-F4D7-41D2-8996-91E84E5E2782}.Debug|x86.ActiveCfg = Debug|x86
		{6E44399D-F4D7-41D2-8996-91E84E5E2782}.Debug|x86.Build.0 = Debug|x86
		{6E44399D-F4D7-41D2-8996-91E84E5E2782}.Release|Any CPU.ActiveCfg = Release|x64
		{6E44399D-F4D7-41D2-8996-91E84E5E2782}.Release|Any CPU.Build.0 = Release|x64
		{6E44399D-F4D7-41D2-8996-91E84E5E2782}.Release|ARM64.ActiveCfg = Release|ARM64
		{6E44399D-F4D7-41D2-8996-91E84E5E2782}.Release|ARM64.Build.0 = Release|ARM64
		{6E44399D-F4D7-41D2-8996-91E84E5E2782}.Release|x64.ActiveCfg = Release|x64
		{6E44399D-F4D7-41D2-8996-91E84E5E2782}.Release|x64.Build.0 = Release|x64
		{6E44399D-F4D7-41D2-8996-91E84E5E2782}.Release|x86.ActiveCfg = Release|x86
		{6E44399D-F4D7-41D2-8996-91E84E5E2782}.Release|x86.Build.0 = Release|x86
	EndGlobalSection
	GlobalSection(SolutionProperties) = preSolution
		HideSolutionNode = FALSE
	EndGlobalSection
	GlobalSection(ExtensibilityGlobals) = postSolution
		SolutionGuid = {F28B2BB0-9696-4C32-B143-02CD4887971E}
	EndGlobalSection
EndGlobal
